{
  "object": {
    "pins": [
      {
        "package": "UICircularProgressRing",
        "repositoryURL": "https://github.com/luispadron/UICircularProgressRing",
        "state": {
          "branch": "master",
          "revision": "5b00b9b42b0a7db6f8239d526d7251eef9a63dcd",
          "version": null
        }
      }
    ]
  },
  "version": 1
}
